
Microsoft Visual Studio Solution File, Format Version 12.00
# Visual Studio 15
VisualStudioVersion = 15.0.28307.136
MinimumVisualStudioVersion = 10.0.40219.1
Project("{8BC9CEB8-8B4A-11D0-8D11-00A0C91BC942}") = "CameraTest", "CameraTest\CameraTest.vcxproj", "{687A604E-C6A0-480B-B443-C8745A2BF523}"
EndProject
Global
	GlobalSection(SolutionConfigurationPlatforms) = preSolution
		Debug|x64 = Debug|x64
		Debug|x86 = Debug|x86
		Release|x64 = Release|x64
		Release|x86 = Release|x86
	EndGlobalSection
	GlobalSection(ProjectConfigurationPlatforms) = postSolution
		{687A604E-C6A0-480B-B443-C8745A2BF523}.Debug|x64.ActiveCfg = Debug|x64
		{687A604E-C6A0-480B-B443-C8745A2BF523}.Debug|x64.Build.0 = Debug|x64
		{687A604E-C6A0-480B-B443-C8745A2BF523}.Debug|x86.ActiveCfg = Debug|Win32
		{687A604E-C6A0-480B-B443-C8745A2BF523}.Debug|x86.Build.0 = Debug|Win32
		{687A604E-C6A0-480B-B443-C8745A2BF523}.Release|x64.ActiveCfg = Release|x64
		{687A604E-C6A0-480B-B443-C8745A2BF523}.Release|x64.Build.0 = Release|x64
		{687A604E-C6A0-480B-B443-C8745A2BF523}.Release|x86.ActiveCfg = Release|Win32
		{687A604E-C6A0-480B-B443-C8745A2BF523}.Release|x86.Build.0 = Release|Win32
	EndGlobalSection
	GlobalSection(SolutionProperties) = preSolution
		HideSolutionNode = FALSE
	EndGlobalSection
	GlobalSection(ExtensibilityGlobals) = postSolution
		SolutionGuid = {35C6F26E-1B71-474D-A364-DD1EE616A90A}
	EndGlobalSection
EndGlobal
