<?xml version="1.0" encoding="utf-8"?>
<Project ToolsVersion="4.0" xmlns="http://schemas.microsoft.com/developer/msbuild/2003">
  <ItemGroup>
    <Filter Include="ソース ファイル">
      <UniqueIdentifier>{4FC737F1-C7A5-4376-A066-2A32D752A2FF}</UniqueIdentifier>
      <Extensions>cpp;c;cc;cxx;def;odl;idl;hpj;bat;asm;asmx</Extensions>
    </Filter>
    <Filter Include="ヘッダー ファイル">
      <UniqueIdentifier>{93995380-89BD-4b04-88EB-625FBE52EBFB}</UniqueIdentifier>
      <Extensions>h;hh;hpp;hxx;hm;inl;inc;ipp;xsd</Extensions>
    </Filter>
    <Filter Include="リソース ファイル">
      <UniqueIdentifier>{67DA6AB6-F800-4c08-8B7A-83BB121AAD01}</UniqueIdentifier>
      <Extensions>rc;ico;cur;bmp;dlg;rc2;rct;bin;rgs;gif;jpg;jpeg;jpe;resx;tiff;tif;png;wav;mfcribbon-ms</Extensions>
    </Filter>
    <Filter Include="ソース ファイル\Shader">
      <UniqueIdentifier>{4494fd92-d035-469d-92f7-f64d3db3b48a}</UniqueIdentifier>
    </Filter>
    <Filter Include="ソース ファイル\etc">
      <UniqueIdentifier>{648a47b4-a057-48c1-a5d6-e3f3993b64fb}</UniqueIdentifier>
    </Filter>
    <Filter Include="ヘッダー ファイル\Shader">
      <UniqueIdentifier>{55af999d-f47a-45c2-9155-b6120f52e430}</UniqueIdentifier>
    </Filter>
    <Filter Include="ヘッダー ファイル\etc">
      <UniqueIdentifier>{61dadba0-a1a7-4bc5-aa00-c15984b240a4}</UniqueIdentifier>
    </Filter>
    <Filter Include="ソース ファイル\Ground">
      <UniqueIdentifier>{3a10f28b-c83d-4926-95b3-256eaa1b9257}</UniqueIdentifier>
    </Filter>
    <Filter Include="ヘッダー ファイル\Ground">
      <UniqueIdentifier>{c426682d-787e-4917-b0f4-9847bb2def50}</UniqueIdentifier>
    </Filter>
  </ItemGroup>
  <ItemGroup>
    <ClCompile Include="main.cpp">
      <Filter>ソース ファイル</Filter>
    </ClCompile>
    <ClCompile Include="MyModel.cpp">
      <Filter>ソース ファイル</Filter>
    </ClCompile>
    <ClCompile Include="Poly.cpp">
      <Filter>ソース ファイル</Filter>
    </ClCompile>
    <ClCompile Include="PixelShaderUtility.cpp">
      <Filter>ソース ファイル\Shader</Filter>
    </ClCompile>
    <ClCompile Include="VertexShaderUtility.cpp">
      <Filter>ソース ファイル\Shader</Filter>
    </ClCompile>
    <ClCompile Include="ConstantBuffer.cpp">
      <Filter>ソース ファイル\Shader</Filter>
    </ClCompile>
    <ClCompile Include="Ground.cpp">
      <Filter>ソース ファイル\Ground</Filter>
    </ClCompile>
    <ClCompile Include="GroundPanel.cpp">
      <Filter>ソース ファイル\Ground</Filter>
    </ClCompile>
  </ItemGroup>
  <ItemGroup>
    <ClInclude Include="main.h">
      <Filter>ヘッダー ファイル</Filter>
    </ClInclude>
    <ClInclude Include="MyModel.h">
      <Filter>ヘッダー ファイル</Filter>
    </ClInclude>
    <ClInclude Include="Poly.h">
      <Filter>ヘッダー ファイル</Filter>
    </ClInclude>
    <ClInclude Include="ConstantBuffer.h">
      <Filter>ヘッダー ファイル\Shader</Filter>
    </ClInclude>
    <ClInclude Include="PixelShaderUtility.h">
      <Filter>ヘッダー ファイル\Shader</Filter>
    </ClInclude>
    <ClInclude Include="VertexShaderUtility.h">
      <Filter>ヘッダー ファイル\Shader</Filter>
    </ClInclude>
    <ClInclude Include="GroundPanel.h">
      <Filter>ヘッダー ファイル\Ground</Filter>
    </ClInclude>
    <ClInclude Include="Ground.h">
      <Filter>ヘッダー ファイル\Ground</Filter>
    </ClInclude>
  </ItemGroup>
  <ItemGroup>
    <FxCompile Include="SimpleTexture.hlsl" />
  </ItemGroup>
</Project>